
Microsoft Visual Studio Solution File, Format Version 12.00
# Visual Studio 15
VisualStudioVersion = 15.0.28307.102
MinimumVisualStudioVersion = 10.0.40219.1
Project("{8BC9CEB8-8B4A-11D0-8D11-00A0C91BC942}") = "RFGR Extended Camera Injector", "RFGR Extended Camera\RFGR Extended Camera.vcxproj", "{191AA80B-D2A3-464C-8D31-9869EE0FA0B1}"
EndProject
Project("{8BC9CEB8-8B4A-11D0-8D11-00A0C91BC942}") = "RFGR Extended Camera DLL", "RFGR Extended Camera DLL\RFGR Extended Camera DLL.vcxproj", "{F999A505-3309-4F25-A49A-EFA23913EB60}"
EndProject
Global
	GlobalSection(SolutionConfigurationPlatforms) = preSolution
		Debug|x64 = Debug|x64
		Debug|x86 = Debug|x86
		Release|x64 = Release|x64
		Release|x86 = Release|x86
	EndGlobalSection
	GlobalSection(ProjectConfigurationPlatforms) = postSolution
		{191AA80B-D2A3-464C-8D31-9869EE0FA0B1}.Debug|x64.ActiveCfg = Debug|x64
		{191AA80B-D2A3-464C-8D31-9869EE0FA0B1}.Debug|x64.Build.0 = Debug|x64
		{191AA80B-D2A3-464C-8D31-9869EE0FA0B1}.Debug|x86.ActiveCfg = Debug|Win32
		{191AA80B-D2A3-464C-8D31-9869EE0FA0B1}.Debug|x86.Build.0 = Debug|Win32
		{191AA80B-D2A3-464C-8D31-9869EE0FA0B1}.Release|x64.ActiveCfg = Release|x64
		{191AA80B-D2A3-464C-8D31-9869EE0FA0B1}.Release|x64.Build.0 = Release|x64
		{191AA80B-D2A3-464C-8D31-9869EE0FA0B1}.Release|x86.ActiveCfg = Release|Win32
		{191AA80B-D2A3-464C-8D31-9869EE0FA0B1}.Release|x86.Build.0 = Release|Win32
		{F999A505-3309-4F25-A49A-EFA23913EB60}.Debug|x64.ActiveCfg = Debug|x64
		{F999A505-3309-4F25-A49A-EFA23913EB60}.Debug|x64.Build.0 = Debug|x64
		{F999A505-3309-4F25-A49A-EFA23913EB60}.Debug|x86.ActiveCfg = Debug|Win32
		{F999A505-3309-4F25-A49A-EFA23913EB60}.Debug|x86.Build.0 = Debug|Win32
		{F999A505-3309-4F25-A49A-EFA23913EB60}.Release|x64.ActiveCfg = Release|x64
		{F999A505-3309-4F25-A49A-EFA23913EB60}.Release|x64.Build.0 = Release|x64
		{F999A505-3309-4F25-A49A-EFA23913EB60}.Release|x86.ActiveCfg = Release|Win32
		{F999A505-3309-4F25-A49A-EFA23913EB60}.Release|x86.Build.0 = Release|Win32
	EndGlobalSection
	GlobalSection(SolutionProperties) = preSolution
		HideSolutionNode = FALSE
	EndGlobalSection
	GlobalSection(ExtensibilityGlobals) = postSolution
		SolutionGuid = {529823EF-1955-437F-BAC7-2AFF69904A96}
	EndGlobalSection
EndGlobal
